hash: e64913ca40fbe4fb92eeeb11f32f61e4a391c861d74f7917ae3f40fc9faaffa6
updated: 2019-02-24T23:08:39.959933915+08:00
imports:
- name: github.com/BurntSushi/toml
  version: b26d9c308763d68093482582cea63d69be07a0f0
- name: online_judge/vendor
  version: cd3146f9518a65aac79e1b2101aed267c6bc8828
  repo: https://gitee.com/online_judge/vendor.git
testImports: []
